
Microsoft Visual Studio Solution File, Format Version 12.00
Project("{FAE04EC0-301F-11D3-BF4B-00C04F79EFBC}") = "ClientAvalonia", "ClientAvalonia\ClientAvalonia.csproj", "{DA729E75-9079-454F-B139-898E1912BF32}"
EndProject
Project("{FAE04EC0-301F-11D3-BF4B-00C04F79EFBC}") = "Shared", "Shared\Shared.csproj", "{7AE3F087-3107-4472-BCB8-E68BA569B0B5}"
EndProject
Project("{FAE04EC0-301F-11D3-BF4B-00C04F79EFBC}") = "ServerBackend", "ServerBackend\ServerBackend.csproj", "{FD0CF761-6F44-4153-8021-E147D338C35D}"
EndProject
Project("{FAE04EC0-301F-11D3-BF4B-00C04F79EFBC}") = "Testing", "Testing\Testing.csproj", "{962E9802-EF10-4BC3-82F5-28343DC95808}"
EndProject
Global
	GlobalSection(SolutionConfigurationPlatforms) = preSolution
		Debug|Any CPU = Debug|Any CPU
		Release|Any CPU = Release|Any CPU
	EndGlobalSection
	GlobalSection(ProjectConfigurationPlatforms) = postSolution
		{DA729E75-9079-454F-B139-898E1912BF32}.Debug|Any CPU.ActiveCfg = Debug|Any CPU
		{DA729E75-9079-454F-B139-898E1912BF32}.Debug|Any CPU.Build.0 = Debug|Any CPU
		{DA729E75-9079-454F-B139-898E1912BF32}.Release|Any CPU.ActiveCfg = Release|Any CPU
		{DA729E75-9079-454F-B139-898E1912BF32}.Release|Any CPU.Build.0 = Release|Any CPU
		{7AE3F087-3107-4472-BCB8-E68BA569B0B5}.Debug|Any CPU.ActiveCfg = Debug|Any CPU
		{7AE3F087-3107-4472-BCB8-E68BA569B0B5}.Debug|Any CPU.Build.0 = Debug|Any CPU
		{7AE3F087-3107-4472-BCB8-E68BA569B0B5}.Release|Any CPU.ActiveCfg = Release|Any CPU
		{7AE3F087-3107-4472-BCB8-E68BA569B0B5}.Release|Any CPU.Build.0 = Release|Any CPU
		{FD0CF761-6F44-4153-8021-E147D338C35D}.Debug|Any CPU.ActiveCfg = Debug|Any CPU
		{FD0CF761-6F44-4153-8021-E147D338C35D}.Debug|Any CPU.Build.0 = Debug|Any CPU
		{FD0CF761-6F44-4153-8021-E147D338C35D}.Release|Any CPU.ActiveCfg = Release|Any CPU
		{FD0CF761-6F44-4153-8021-E147D338C35D}.Release|Any CPU.Build.0 = Release|Any CPU
		{962E9802-EF10-4BC3-82F5-28343DC95808}.Debug|Any CPU.ActiveCfg = Debug|Any CPU
		{962E9802-EF10-4BC3-82F5-28343DC95808}.Debug|Any CPU.Build.0 = Debug|Any CPU
		{962E9802-EF10-4BC3-82F5-28343DC95808}.Release|Any CPU.ActiveCfg = Release|Any CPU
		{962E9802-EF10-4BC3-82F5-28343DC95808}.Release|Any CPU.Build.0 = Release|Any CPU
	EndGlobalSection
EndGlobal
